
Microsoft Visual Studio Solution File, Format Version 12.00
# Visual Studio Version 17
VisualStudioVersion = 17.6.33829.357
MinimumVisualStudioVersion = 10.0.40219.1
Project("{9A19103F-16F7-4668-BE54-9A1E7A4F7556}") = "BUS", "BUS\BUS.csproj", "{B8A7FA44-BFBA-40D8-A0AA-78A0CEDA567B}"
EndProject
Project("{9A19103F-16F7-4668-BE54-9A1E7A4F7556}") = "DAO", "DAO\DAO.csproj", "{72916D0B-688F-4726-BC79-E9CBBB9D9DE9}"
EndProject
Project("{9A19103F-16F7-4668-BE54-9A1E7A4F7556}") = "DTO", "DTO\DTO.csproj", "{B52590E6-0918-41C1-9C85-9AA6F0FDA804}"
EndProject
Project("{FAE04EC0-301F-11D3-BF4B-00C04F79EFBC}") = "GUI", "GUI\GUI.csproj", "{37432E85-82DB-4210-8C75-9CC8AA17805B}"
EndProject
Global
	GlobalSection(SolutionConfigurationPlatforms) = preSolution
		Debug|Any CPU = Debug|Any CPU
		Release|Any CPU = Release|Any CPU
	EndGlobalSection
	GlobalSection(ProjectConfigurationPlatforms) = postSolution
		{B8A7FA44-BFBA-40D8-A0AA-78A0CEDA567B}.Debug|Any CPU.ActiveCfg = Debug|Any CPU
		{B8A7FA44-BFBA-40D8-A0AA-78A0CEDA567B}.Debug|Any CPU.Build.0 = Debug|Any CPU
		{B8A7FA44-BFBA-40D8-A0AA-78A0CEDA567B}.Release|Any CPU.ActiveCfg = Release|Any CPU
		{B8A7FA44-BFBA-40D8-A0AA-78A0CEDA567B}.Release|Any CPU.Build.0 = Release|Any CPU
		{72916D0B-688F-4726-BC79-E9CBBB9D9DE9}.Debug|Any CPU.ActiveCfg = Debug|Any CPU
		{72916D0B-688F-4726-BC79-E9CBBB9D9DE9}.Debug|Any CPU.Build.0 = Debug|Any CPU
		{72916D0B-688F-4726-BC79-E9CBBB9D9DE9}.Release|Any CPU.ActiveCfg = Release|Any CPU
		{72916D0B-688F-4726-BC79-E9CBBB9D9DE9}.Release|Any CPU.Build.0 = Release|Any CPU
		{B52590E6-0918-41C1-9C85-9AA6F0FDA804}.Debug|Any CPU.ActiveCfg = Debug|Any CPU
		{B52590E6-0918-41C1-9C85-9AA6F0FDA804}.Debug|Any CPU.Build.0 = Debug|Any CPU
		{B52590E6-0918-41C1-9C85-9AA6F0FDA804}.Release|Any CPU.ActiveCfg = Release|Any CPU
		{B52590E6-0918-41C1-9C85-9AA6F0FDA804}.Release|Any CPU.Build.0 = Release|Any CPU
		{37432E85-82DB-4210-8C75-9CC8AA17805B}.Debug|Any CPU.ActiveCfg = Debug|Any CPU
		{37432E85-82DB-4210-8C75-9CC8AA17805B}.Debug|Any CPU.Build.0 = Debug|Any CPU
		{37432E85-82DB-4210-8C75-9CC8AA17805B}.Release|Any CPU.ActiveCfg = Release|Any CPU
		{37432E85-82DB-4210-8C75-9CC8AA17805B}.Release|Any CPU.Build.0 = Release|Any CPU
	EndGlobalSection
	GlobalSection(SolutionProperties) = preSolution
		HideSolutionNode = FALSE
	EndGlobalSection
	GlobalSection(ExtensibilityGlobals) = postSolution
		SolutionGuid = {37A97A82-301E-4FD0-88D1-ECC1096BC7C3}
	EndGlobalSection
EndGlobal
